{
  "name": "solver",
  "lockfileVersion": 3,
  "requires": true,
  "packages": {
    "": {
      "dependencies": {
        "replicator": "^1.0.5"
      }
    },
    "node_modules/replicator": {
      "version": "1.0.5",
      "resolved": "https://registry.npmjs.org/replicator/-/replicator-1.0.5.tgz",
      "integrity": "sha512-saxS4y7NFkLMa92BR4bPHR41GD+f/qoDAwD2xZmN+MpDXgibkxwLO2qk7dCHYtskSkd/bWS8Jy6kC5MZUkg1tw==",
      "license": "MIT"
    }
  }
}
